{
    "compile": {
        "io.springfox:springfox-swagger-ui": {
            "locked": "2.7.0",
            "requested": "+"
        },
        "io.springfox:springfox-swagger2": {
            "locked": "2.7.0",
            "requested": "+"
        },
        "org.apache.commons:commons-lang3": {
            "locked": "3.6",
            "requested": "+"
        },
        "org.jolokia:jolokia-core": {
            "locked": "1.3.6"
        },
        "org.springframework.boot:spring-boot-actuator-docs": {
            "locked": "1.5.4.RELEASE"
        },
        "org.springframework.boot:spring-boot-devtools": {
            "locked": "1.5.4.RELEASE"
        },
        "org.springframework.boot:spring-boot-starter-actuator": {
            "locked": "1.5.4.RELEASE"
        },
        "org.springframework.boot:spring-boot-starter-hateoas": {
            "locked": "1.5.4.RELEASE"
        },
        "org.springframework.boot:spring-boot-starter-thymeleaf": {
            "locked": "1.5.4.RELEASE"
        },
        "org.springframework.boot:spring-boot-starter-web": {
            "locked": "1.5.4.RELEASE"
        },
        "org.springframework.cloud:spring-cloud-starter-eureka": {
            "locked": "1.3.0.RELEASE"
        },
        "org.springframework.cloud:spring-cloud-starter-hystrix": {
            "locked": "1.3.0.RELEASE"
        },
        "org.springframework.data:spring-data-rest-hal-browser": {
            "locked": "2.6.4.RELEASE"
        }
    },
    "compileClasspath": {
        "io.springfox:springfox-swagger-ui": {
            "locked": "2.7.0",
            "requested": "+"
        },
        "io.springfox:springfox-swagger2": {
            "locked": "2.7.0",
            "requested": "+"
        },
        "org.apache.commons:commons-lang3": {
            "locked": "3.6",
            "requested": "+"
        },
        "org.jolokia:jolokia-core": {
            "locked": "1.3.6"
        },
        "org.projectlombok:lombok": {
            "locked": "1.16.16"
        },
        "org.springframework.boot:spring-boot-actuator-docs": {
            "locked": "1.5.4.RELEASE"
        },
        "org.springframework.boot:spring-boot-devtools": {
            "locked": "1.5.4.RELEASE"
        },
        "org.springframework.boot:spring-boot-starter-actuator": {
            "locked": "1.5.4.RELEASE"
        },
        "org.springframework.boot:spring-boot-starter-hateoas": {
            "locked": "1.5.4.RELEASE"
        },
        "org.springframework.boot:spring-boot-starter-thymeleaf": {
            "locked": "1.5.4.RELEASE"
        },
        "org.springframework.boot:spring-boot-starter-web": {
            "locked": "1.5.4.RELEASE"
        },
        "org.springframework.cloud:spring-cloud-starter-eureka": {
            "locked": "1.3.0.RELEASE"
        },
        "org.springframework.cloud:spring-cloud-starter-hystrix": {
            "locked": "1.3.0.RELEASE"
        },
        "org.springframework.data:spring-data-rest-hal-browser": {
            "locked": "2.6.4.RELEASE"
        }
    },
    "compileOnly": {
        "org.projectlombok:lombok": {
            "locked": "1.16.16"
        }
    },
    "default": {
        "io.springfox:springfox-swagger-ui": {
            "locked": "2.7.0",
            "requested": "+"
        },
        "io.springfox:springfox-swagger2": {
            "locked": "2.7.0",
            "requested": "+"
        },
        "org.apache.commons:commons-lang3": {
            "locked": "3.6",
            "requested": "+"
        },
        "org.jolokia:jolokia-core": {
            "locked": "1.3.6"
        },
        "org.springframework.boot:spring-boot-actuator-docs": {
            "locked": "1.5.4.RELEASE"
        },
        "org.springframework.boot:spring-boot-devtools": {
            "locked": "1.5.4.RELEASE"
        },
        "org.springframework.boot:spring-boot-starter-actuator": {
            "locked": "1.5.4.RELEASE"
        },
        "org.springframework.boot:spring-boot-starter-hateoas": {
            "locked": "1.5.4.RELEASE"
        },
        "org.springframework.boot:spring-boot-starter-thymeleaf": {
            "locked": "1.5.4.RELEASE"
        },
        "org.springframework.boot:spring-boot-starter-web": {
            "locked": "1.5.4.RELEASE"
        },
        "org.springframework.cloud:spring-cloud-starter-eureka": {
            "locked": "1.3.0.RELEASE"
        },
        "org.springframework.cloud:spring-cloud-starter-hystrix": {
            "locked": "1.3.0.RELEASE"
        },
        "org.springframework.data:spring-data-rest-hal-browser": {
            "locked": "2.6.4.RELEASE"
        }
    },
    "dockerJava": {
        "cglib:cglib": {
            "locked": "3.2.0"
        },
        "com.github.docker-java:docker-java": {
            "locked": "3.0.10"
        },
        "org.slf4j:slf4j-simple": {
            "locked": "1.7.25"
        }
    },
    "runtime": {
        "io.springfox:springfox-swagger-ui": {
            "locked": "2.7.0",
            "requested": "+"
        },
        "io.springfox:springfox-swagger2": {
            "locked": "2.7.0",
            "requested": "+"
        },
        "org.apache.commons:commons-lang3": {
            "locked": "3.6",
            "requested": "+"
        },
        "org.jolokia:jolokia-core": {
            "locked": "1.3.6"
        },
        "org.springframework.boot:spring-boot-actuator-docs": {
            "locked": "1.5.4.RELEASE"
        },
        "org.springframework.boot:spring-boot-devtools": {
            "locked": "1.5.4.RELEASE"
        },
        "org.springframework.boot:spring-boot-starter-actuator": {
            "locked": "1.5.4.RELEASE"
        },
        "org.springframework.boot:spring-boot-starter-hateoas": {
            "locked": "1.5.4.RELEASE"
        },
        "org.springframework.boot:spring-boot-starter-thymeleaf": {
            "locked": "1.5.4.RELEASE"
        },
        "org.springframework.boot:spring-boot-starter-web": {
            "locked": "1.5.4.RELEASE"
        },
        "org.springframework.cloud:spring-cloud-starter-eureka": {
            "locked": "1.3.0.RELEASE"
        },
        "org.springframework.cloud:spring-cloud-starter-hystrix": {
            "locked": "1.3.0.RELEASE"
        },
        "org.springframework.data:spring-data-rest-hal-browser": {
            "locked": "2.6.4.RELEASE"
        }
    },
    "runtimeClasspath": {
        "io.springfox:springfox-swagger-ui": {
            "locked": "2.7.0",
            "requested": "+"
        },
        "io.springfox:springfox-swagger2": {
            "locked": "2.7.0",
            "requested": "+"
        },
        "org.apache.commons:commons-lang3": {
            "locked": "3.6",
            "requested": "+"
        },
        "org.jolokia:jolokia-core": {
            "locked": "1.3.6"
        },
        "org.springframework.boot:spring-boot-actuator-docs": {
            "locked": "1.5.4.RELEASE"
        },
        "org.springframework.boot:spring-boot-devtools": {
            "locked": "1.5.4.RELEASE"
        },
        "org.springframework.boot:spring-boot-starter-actuator": {
            "locked": "1.5.4.RELEASE"
        },
        "org.springframework.boot:spring-boot-starter-hateoas": {
            "locked": "1.5.4.RELEASE"
        },
        "org.springframework.boot:spring-boot-starter-thymeleaf": {
            "locked": "1.5.4.RELEASE"
        },
        "org.springframework.boot:spring-boot-starter-web": {
            "locked": "1.5.4.RELEASE"
        },
        "org.springframework.cloud:spring-cloud-starter-eureka": {
            "locked": "1.3.0.RELEASE"
        },
        "org.springframework.cloud:spring-cloud-starter-hystrix": {
            "locked": "1.3.0.RELEASE"
        },
        "org.springframework.data:spring-data-rest-hal-browser": {
            "locked": "2.6.4.RELEASE"
        }
    },
    "testCompile": {
        "io.springfox:springfox-swagger-ui": {
            "locked": "2.7.0",
            "requested": "+"
        },
        "io.springfox:springfox-swagger2": {
            "locked": "2.7.0",
            "requested": "+"
        },
        "org.apache.commons:commons-lang3": {
            "locked": "3.6",
            "requested": "+"
        },
        "org.jolokia:jolokia-core": {
            "locked": "1.3.6"
        },
        "org.springframework.boot:spring-boot-actuator-docs": {
            "locked": "1.5.4.RELEASE"
        },
        "org.springframework.boot:spring-boot-devtools": {
            "locked": "1.5.4.RELEASE"
        },
        "org.springframework.boot:spring-boot-starter-actuator": {
            "locked": "1.5.4.RELEASE"
        },
        "org.springframework.boot:spring-boot-starter-hateoas": {
            "locked": "1.5.4.RELEASE"
        },
        "org.springframework.boot:spring-boot-starter-test": {
            "locked": "1.5.4.RELEASE"
        },
        "org.springframework.boot:spring-boot-starter-thymeleaf": {
            "locked": "1.5.4.RELEASE"
        },
        "org.springframework.boot:spring-boot-starter-web": {
            "locked": "1.5.4.RELEASE"
        },
        "org.springframework.cloud:spring-cloud-starter-eureka": {
            "locked": "1.3.0.RELEASE"
        },
        "org.springframework.cloud:spring-cloud-starter-hystrix": {
            "locked": "1.3.0.RELEASE"
        },
        "org.springframework.data:spring-data-rest-hal-browser": {
            "locked": "2.6.4.RELEASE"
        }
    },
    "testCompileClasspath": {
        "io.springfox:springfox-swagger-ui": {
            "locked": "2.7.0",
            "requested": "+"
        },
        "io.springfox:springfox-swagger2": {
            "locked": "2.7.0",
            "requested": "+"
        },
        "org.apache.commons:commons-lang3": {
            "locked": "3.6",
            "requested": "+"
        },
        "org.jolokia:jolokia-core": {
            "locked": "1.3.6"
        },
        "org.springframework.boot:spring-boot-actuator-docs": {
            "locked": "1.5.4.RELEASE"
        },
        "org.springframework.boot:spring-boot-devtools": {
            "locked": "1.5.4.RELEASE"
        },
        "org.springframework.boot:spring-boot-starter-actuator": {
            "locked": "1.5.4.RELEASE"
        },
        "org.springframework.boot:spring-boot-starter-hateoas": {
            "locked": "1.5.4.RELEASE"
        },
        "org.springframework.boot:spring-boot-starter-test": {
            "locked": "1.5.4.RELEASE"
        },
        "org.springframework.boot:spring-boot-starter-thymeleaf": {
            "locked": "1.5.4.RELEASE"
        },
        "org.springframework.boot:spring-boot-starter-web": {
            "locked": "1.5.4.RELEASE"
        },
        "org.springframework.cloud:spring-cloud-starter-eureka": {
            "locked": "1.3.0.RELEASE"
        },
        "org.springframework.cloud:spring-cloud-starter-hystrix": {
            "locked": "1.3.0.RELEASE"
        },
        "org.springframework.data:spring-data-rest-hal-browser": {
            "locked": "2.6.4.RELEASE"
        }
    },
    "testRuntime": {
        "io.springfox:springfox-swagger-ui": {
            "locked": "2.7.0",
            "requested": "+"
        },
        "io.springfox:springfox-swagger2": {
            "locked": "2.7.0",
            "requested": "+"
        },
        "org.apache.commons:commons-lang3": {
            "locked": "3.6",
            "requested": "+"
        },
        "org.jolokia:jolokia-core": {
            "locked": "1.3.6"
        },
        "org.springframework.boot:spring-boot-actuator-docs": {
            "locked": "1.5.4.RELEASE"
        },
        "org.springframework.boot:spring-boot-devtools": {
            "locked": "1.5.4.RELEASE"
        },
        "org.springframework.boot:spring-boot-starter-actuator": {
            "locked": "1.5.4.RELEASE"
        },
        "org.springframework.boot:spring-boot-starter-hateoas": {
            "locked": "1.5.4.RELEASE"
        },
        "org.springframework.boot:spring-boot-starter-test": {
            "locked": "1.5.4.RELEASE"
        },
        "org.springframework.boot:spring-boot-starter-thymeleaf": {
            "locked": "1.5.4.RELEASE"
        },
        "org.springframework.boot:spring-boot-starter-web": {
            "locked": "1.5.4.RELEASE"
        },
        "org.springframework.cloud:spring-cloud-starter-eureka": {
            "locked": "1.3.0.RELEASE"
        },
        "org.springframework.cloud:spring-cloud-starter-hystrix": {
            "locked": "1.3.0.RELEASE"
        },
        "org.springframework.data:spring-data-rest-hal-browser": {
            "locked": "2.6.4.RELEASE"
        }
    },
    "testRuntimeClasspath": {
        "io.springfox:springfox-swagger-ui": {
            "locked": "2.7.0",
            "requested": "+"
        },
        "io.springfox:springfox-swagger2": {
            "locked": "2.7.0",
            "requested": "+"
        },
        "org.apache.commons:commons-lang3": {
            "locked": "3.6",
            "requested": "+"
        },
        "org.jolokia:jolokia-core": {
            "locked": "1.3.6"
        },
        "org.springframework.boot:spring-boot-actuator-docs": {
            "locked": "1.5.4.RELEASE"
        },
        "org.springframework.boot:spring-boot-devtools": {
            "locked": "1.5.4.RELEASE"
        },
        "org.springframework.boot:spring-boot-starter-actuator": {
            "locked": "1.5.4.RELEASE"
        },
        "org.springframework.boot:spring-boot-starter-hateoas": {
            "locked": "1.5.4.RELEASE"
        },
        "org.springframework.boot:spring-boot-starter-test": {
            "locked": "1.5.4.RELEASE"
        },
        "org.springframework.boot:spring-boot-starter-thymeleaf": {
            "locked": "1.5.4.RELEASE"
        },
        "org.springframework.boot:spring-boot-starter-web": {
            "locked": "1.5.4.RELEASE"
        },
        "org.springframework.cloud:spring-cloud-starter-eureka": {
            "locked": "1.3.0.RELEASE"
        },
        "org.springframework.cloud:spring-cloud-starter-hystrix": {
            "locked": "1.3.0.RELEASE"
        },
        "org.springframework.data:spring-data-rest-hal-browser": {
            "locked": "2.6.4.RELEASE"
        }
    }
}